
Microsoft Visual Studio Solution File, Format Version 12.00
# Visual Studio Version 17
VisualStudioVersion = 17.0.31912.275
MinimumVisualStudioVersion = 10.0.40219.1
Project("{2150E333-8FDC-42A3-9474-1A3956D46DE8}") = "src", "src", "{3CF30E7C-7E6B-4688-BA9F-A98BC1C1F3EB}"
	ProjectSection(SolutionItems) = preProject
		.gitignore = .gitignore
	EndProjectSection
EndProject
Project("{2150E333-8FDC-42A3-9474-1A3956D46DE8}") = "Core", "Core", "{AA234B99-C593-4F52-A077-1A0C75E3DBE7}"
EndProject
Project("{2150E333-8FDC-42A3-9474-1A3956D46DE8}") = "Infrastructure", "Infrastructure", "{8D5B30A1-3726-4235-BEA6-121C54ECE35B}"
EndProject
Project("{2150E333-8FDC-42A3-9474-1A3956D46DE8}") = "WebAPI", "WebAPI", "{60D09784-1BC8-4A59-AE2B-3E2BEB56E7FB}"
EndProject
Project("{9A19103F-16F7-4668-BE54-9A1E7A4F7556}") = "CodeApp.Infrastructure", "src\Infrastructure\CodeApp.Infrastructure\CodeApp.Infrastructure.csproj", "{BAF56F75-3A8C-4E25-9301-52E724A0582D}"
EndProject
Project("{9A19103F-16F7-4668-BE54-9A1E7A4F7556}") = "CodeApp.Application", "src\Core\CodeApp.Application\CodeApp.Application.csproj", "{1429702A-8FD7-4C31-94E0-8A71BD960CD9}"
EndProject
Project("{9A19103F-16F7-4668-BE54-9A1E7A4F7556}") = "CodeApp.Domain", "src\Core\CodeApp.Domain\CodeApp.Domain.csproj", "{BAD1B862-AAD1-452D-A765-C63DA32B5AA2}"
EndProject
Project("{9A19103F-16F7-4668-BE54-9A1E7A4F7556}") = "CodeApp.Persistance", "src\Infrastructure\CodeApp.Persistance\CodeApp.Persistance.csproj", "{4EB10EA9-59A0-4364-AF33-0B876227BC7D}"
EndProject
Project("{FAE04EC0-301F-11D3-BF4B-00C04F79EFBC}") = "CodeApp.WebAPI", "src\WebAPI\CodeApp.WebAPI\CodeApp.WebAPI.csproj", "{55485EF5-C85B-4A42-A736-BCFE88B9771A}"
EndProject
Project("{2150E333-8FDC-42A3-9474-1A3956D46DE8}") = "tests", "tests", "{02EA681E-C7D8-13C7-8484-4AC65E1B71E8}"
EndProject
Project("{FAE04EC0-301F-11D3-BF4B-00C04F79EFBC}") = "CodeApp.Test", "tests\CodeApp.Test\CodeApp.Test.csproj", "{7660B6BA-1544-9D2F-2792-3194F77E5569}"
EndProject
Global
	GlobalSection(SolutionConfigurationPlatforms) = preSolution
		Debug|Any CPU = Debug|Any CPU
		Release|Any CPU = Release|Any CPU
	EndGlobalSection
	GlobalSection(ProjectConfigurationPlatforms) = postSolution
		{BAF56F75-3A8C-4E25-9301-52E724A0582D}.Debug|Any CPU.ActiveCfg = Debug|Any CPU
		{BAF56F75-3A8C-4E25-9301-52E724A0582D}.Debug|Any CPU.Build.0 = Debug|Any CPU
		{BAF56F75-3A8C-4E25-9301-52E724A0582D}.Release|Any CPU.ActiveCfg = Release|Any CPU
		{BAF56F75-3A8C-4E25-9301-52E724A0582D}.Release|Any CPU.Build.0 = Release|Any CPU
		{1429702A-8FD7-4C31-94E0-8A71BD960CD9}.Debug|Any CPU.ActiveCfg = Debug|Any CPU
		{1429702A-8FD7-4C31-94E0-8A71BD960CD9}.Debug|Any CPU.Build.0 = Debug|Any CPU
		{1429702A-8FD7-4C31-94E0-8A71BD960CD9}.Release|Any CPU.ActiveCfg = Release|Any CPU
		{1429702A-8FD7-4C31-94E0-8A71BD960CD9}.Release|Any CPU.Build.0 = Release|Any CPU
		{BAD1B862-AAD1-452D-A765-C63DA32B5AA2}.Debug|Any CPU.ActiveCfg = Debug|Any CPU
		{BAD1B862-AAD1-452D-A765-C63DA32B5AA2}.Debug|Any CPU.Build.0 = Debug|Any CPU
		{BAD1B862-AAD1-452D-A765-C63DA32B5AA2}.Release|Any CPU.ActiveCfg = Release|Any CPU
		{BAD1B862-AAD1-452D-A765-C63DA32B5AA2}.Release|Any CPU.Build.0 = Release|Any CPU
		{4EB10EA9-59A0-4364-AF33-0B876227BC7D}.Debug|Any CPU.ActiveCfg = Debug|Any CPU
		{4EB10EA9-59A0-4364-AF33-0B876227BC7D}.Debug|Any CPU.Build.0 = Debug|Any CPU
		{4EB10EA9-59A0-4364-AF33-0B876227BC7D}.Release|Any CPU.ActiveCfg = Release|Any CPU
		{4EB10EA9-59A0-4364-AF33-0B876227BC7D}.Release|Any CPU.Build.0 = Release|Any CPU
		{55485EF5-C85B-4A42-A736-BCFE88B9771A}.Debug|Any CPU.ActiveCfg = Debug|Any CPU
		{55485EF5-C85B-4A42-A736-BCFE88B9771A}.Debug|Any CPU.Build.0 = Debug|Any CPU
		{55485EF5-C85B-4A42-A736-BCFE88B9771A}.Release|Any CPU.ActiveCfg = Release|Any CPU
		{55485EF5-C85B-4A42-A736-BCFE88B9771A}.Release|Any CPU.Build.0 = Release|Any CPU
		{7660B6BA-1544-9D2F-2792-3194F77E5569}.Debug|Any CPU.ActiveCfg = Debug|Any CPU
		{7660B6BA-1544-9D2F-2792-3194F77E5569}.Debug|Any CPU.Build.0 = Debug|Any CPU
		{7660B6BA-1544-9D2F-2792-3194F77E5569}.Release|Any CPU.ActiveCfg = Release|Any CPU
		{7660B6BA-1544-9D2F-2792-3194F77E5569}.Release|Any CPU.Build.0 = Release|Any CPU
	EndGlobalSection
	GlobalSection(SolutionProperties) = preSolution
		HideSolutionNode = FALSE
	EndGlobalSection
	GlobalSection(NestedProjects) = preSolution
		{AA234B99-C593-4F52-A077-1A0C75E3DBE7} = {3CF30E7C-7E6B-4688-BA9F-A98BC1C1F3EB}
		{8D5B30A1-3726-4235-BEA6-121C54ECE35B} = {3CF30E7C-7E6B-4688-BA9F-A98BC1C1F3EB}
		{60D09784-1BC8-4A59-AE2B-3E2BEB56E7FB} = {3CF30E7C-7E6B-4688-BA9F-A98BC1C1F3EB}
		{BAF56F75-3A8C-4E25-9301-52E724A0582D} = {8D5B30A1-3726-4235-BEA6-121C54ECE35B}
		{1429702A-8FD7-4C31-94E0-8A71BD960CD9} = {AA234B99-C593-4F52-A077-1A0C75E3DBE7}
		{BAD1B862-AAD1-452D-A765-C63DA32B5AA2} = {AA234B99-C593-4F52-A077-1A0C75E3DBE7}
		{4EB10EA9-59A0-4364-AF33-0B876227BC7D} = {8D5B30A1-3726-4235-BEA6-121C54ECE35B}
		{55485EF5-C85B-4A42-A736-BCFE88B9771A} = {60D09784-1BC8-4A59-AE2B-3E2BEB56E7FB}
		{7660B6BA-1544-9D2F-2792-3194F77E5569} = {02EA681E-C7D8-13C7-8484-4AC65E1B71E8}
	EndGlobalSection
	GlobalSection(ExtensibilityGlobals) = postSolution
		SolutionGuid = {4FEC4C71-0551-4677-A2B6-5821C3A4CE66}
	EndGlobalSection
EndGlobal
